
Microsoft Visual Studio Solution File, Format Version 12.00
# Visual Studio Version 16
VisualStudioVersion = 16.0.31025.194
MinimumVisualStudioVersion = 10.0.40219.1
Project("{888888A0-9F3D-457C-B088-3A5042F75D52}") = "TandH", "TandH\TandH.pyproj", "{BC65F9D5-348B-42B6-9CFF-1C6C521E36AA}"
EndProject
Global
	GlobalSection(SolutionConfigurationPlatforms) = preSolution
		Debug|Any CPU = Debug|Any CPU
		Release|Any CPU = Release|Any CPU
	EndGlobalSection
	GlobalSection(ProjectConfigurationPlatforms) = postSolution
		{BC65F9D5-348B-42B6-9CFF-1C6C521E36AA}.Debug|Any CPU.ActiveCfg = Debug|Any CPU
		{BC65F9D5-348B-42B6-9CFF-1C6C521E36AA}.Release|Any CPU.ActiveCfg = Release|Any CPU
	EndGlobalSection
	GlobalSection(SolutionProperties) = preSolution
		HideSolutionNode = FALSE
	EndGlobalSection
	GlobalSection(ExtensibilityGlobals) = postSolution
		SolutionGuid = {CED10E72-FAD0-4345-A52A-990AB2C42911}
	EndGlobalSection
EndGlobal
